
Microsoft Visual Studio Solution File, Format Version 12.00
# Visual Studio 14
VisualStudioVersion = 14.0.25420.1
MinimumVisualStudioVersion = 10.0.40219.1
Project("{8BC9CEB8-8B4A-11D0-8D11-00A0C91BC942}") = "SrcFetcher", "SrcFetcher\SrcFetcher.vcxproj", "{602F709D-CF5D-4FBF-B1AF-F8A367F8358B}"
EndProject
Project("{8BC9CEB8-8B4A-11D0-8D11-00A0C91BC942}") = "Tokenizer", "Tokenizer\Tokenizer.vcxproj", "{C7C2BDA8-8A26-49DD-BD36-19BFA8836C63}"
EndProject
Project("{8BC9CEB8-8B4A-11D0-8D11-00A0C91BC942}") = "HTMLexplainer", "HTMLexplainer\HTMLexplainer.vcxproj", "{7DA41EA6-7F81-4B9E-9304-F16EAA8E1C32}"
EndProject
Project("{8BC9CEB8-8B4A-11D0-8D11-00A0C91BC942}") = "query", "Searcher\Searcher.vcxproj", "{DBC5AF6D-6C33-4D32-86FC-C0B52DF7A29B}"
EndProject
Project("{8BC9CEB8-8B4A-11D0-8D11-00A0C91BC942}") = "gui", "gui\gui.vcxproj", "{7B46FB39-8C39-49E5-BB4C-37F9FF90827C}"
EndProject
Global
	GlobalSection(SolutionConfigurationPlatforms) = preSolution
		Debug|x64 = Debug|x64
		Debug|x86 = Debug|x86
		Release|x64 = Release|x64
		Release|x86 = Release|x86
	EndGlobalSection
	GlobalSection(ProjectConfigurationPlatforms) = postSolution
		{602F709D-CF5D-4FBF-B1AF-F8A367F8358B}.Debug|x64.ActiveCfg = Debug|x64
		{602F709D-CF5D-4FBF-B1AF-F8A367F8358B}.Debug|x64.Build.0 = Debug|x64
		{602F709D-CF5D-4FBF-B1AF-F8A367F8358B}.Debug|x86.ActiveCfg = Debug|Win32
		{602F709D-CF5D-4FBF-B1AF-F8A367F8358B}.Debug|x86.Build.0 = Debug|Win32
		{602F709D-CF5D-4FBF-B1AF-F8A367F8358B}.Release|x64.ActiveCfg = Release|x64
		{602F709D-CF5D-4FBF-B1AF-F8A367F8358B}.Release|x64.Build.0 = Release|x64
		{602F709D-CF5D-4FBF-B1AF-F8A367F8358B}.Release|x86.ActiveCfg = Release|Win32
		{602F709D-CF5D-4FBF-B1AF-F8A367F8358B}.Release|x86.Build.0 = Release|Win32
		{C7C2BDA8-8A26-49DD-BD36-19BFA8836C63}.Debug|x64.ActiveCfg = Debug|x64
		{C7C2BDA8-8A26-49DD-BD36-19BFA8836C63}.Debug|x64.Build.0 = Debug|x64
		{C7C2BDA8-8A26-49DD-BD36-19BFA8836C63}.Debug|x86.ActiveCfg = Debug|Win32
		{C7C2BDA8-8A26-49DD-BD36-19BFA8836C63}.Debug|x86.Build.0 = Debug|Win32
		{C7C2BDA8-8A26-49DD-BD36-19BFA8836C63}.Release|x64.ActiveCfg = Release|x64
		{C7C2BDA8-8A26-49DD-BD36-19BFA8836C63}.Release|x64.Build.0 = Release|x64
		{C7C2BDA8-8A26-49DD-BD36-19BFA8836C63}.Release|x86.ActiveCfg = Release|Win32
		{C7C2BDA8-8A26-49DD-BD36-19BFA8836C63}.Release|x86.Build.0 = Release|Win32
		{7DA41EA6-7F81-4B9E-9304-F16EAA8E1C32}.Debug|x64.ActiveCfg = Debug|x64
		{7DA41EA6-7F81-4B9E-9304-F16EAA8E1C32}.Debug|x64.Build.0 = Debug|x64
		{7DA41EA6-7F81-4B9E-9304-F16EAA8E1C32}.Debug|x86.ActiveCfg = Debug|Win32
		{7DA41EA6-7F81-4B9E-9304-F16EAA8E1C32}.Debug|x86.Build.0 = Debug|Win32
		{7DA41EA6-7F81-4B9E-9304-F16EAA8E1C32}.Release|x64.ActiveCfg = Release|x64
		{7DA41EA6-7F81-4B9E-9304-F16EAA8E1C32}.Release|x64.Build.0 = Release|x64
		{7DA41EA6-7F81-4B9E-9304-F16EAA8E1C32}.Release|x86.ActiveCfg = Release|Win32
		{7DA41EA6-7F81-4B9E-9304-F16EAA8E1C32}.Release|x86.Build.0 = Release|Win32
		{DBC5AF6D-6C33-4D32-86FC-C0B52DF7A29B}.Debug|x64.ActiveCfg = Debug|x64
		{DBC5AF6D-6C33-4D32-86FC-C0B52DF7A29B}.Debug|x64.Build.0 = Debug|x64
		{DBC5AF6D-6C33-4D32-86FC-C0B52DF7A29B}.Debug|x86.ActiveCfg = Debug|Win32
		{DBC5AF6D-6C33-4D32-86FC-C0B52DF7A29B}.Debug|x86.Build.0 = Debug|Win32
		{DBC5AF6D-6C33-4D32-86FC-C0B52DF7A29B}.Release|x64.ActiveCfg = Release|x64
		{DBC5AF6D-6C33-4D32-86FC-C0B52DF7A29B}.Release|x64.Build.0 = Release|x64
		{DBC5AF6D-6C33-4D32-86FC-C0B52DF7A29B}.Release|x86.ActiveCfg = Release|Win32
		{DBC5AF6D-6C33-4D32-86FC-C0B52DF7A29B}.Release|x86.Build.0 = Release|Win32
		{7B46FB39-8C39-49E5-BB4C-37F9FF90827C}.Debug|x64.ActiveCfg = Debug|x64
		{7B46FB39-8C39-49E5-BB4C-37F9FF90827C}.Debug|x64.Build.0 = Debug|x64
		{7B46FB39-8C39-49E5-BB4C-37F9FF90827C}.Debug|x86.ActiveCfg = Debug|Win32
		{7B46FB39-8C39-49E5-BB4C-37F9FF90827C}.Debug|x86.Build.0 = Debug|Win32
		{7B46FB39-8C39-49E5-BB4C-37F9FF90827C}.Release|x64.ActiveCfg = Release|x64
		{7B46FB39-8C39-49E5-BB4C-37F9FF90827C}.Release|x64.Build.0 = Release|x64
		{7B46FB39-8C39-49E5-BB4C-37F9FF90827C}.Release|x86.ActiveCfg = Release|Win32
		{7B46FB39-8C39-49E5-BB4C-37F9FF90827C}.Release|x86.Build.0 = Release|Win32
	EndGlobalSection
	GlobalSection(SolutionProperties) = preSolution
		HideSolutionNode = FALSE
	EndGlobalSection
EndGlobal
